
Microsoft Visual Studio Solution File, Format Version 12.00
Project("{FAE04EC0-301F-11D3-BF4B-00C04F79EFBC}") = "ProcessFailureDatabase.Api", "ProcessFailureDatabase.Api\ProcessFailureDatabase.Api.csproj", "{DCB27F87-33BF-4A92-AD31-90F6DF55D8FE}"
EndProject
Project("{FAE04EC0-301F-11D3-BF4B-00C04F79EFBC}") = "ProcessFailureDatabase.Shared", "ProcessFailureDatabase.Shared\ProcessFailureDatabase.Shared.csproj", "{09E9C894-F21B-44B2-8287-CF3B1AC711F0}"
EndProject
Global
	GlobalSection(SolutionConfigurationPlatforms) = preSolution
		Debug|Any CPU = Debug|Any CPU
		Release|Any CPU = Release|Any CPU
	EndGlobalSection
	GlobalSection(ProjectConfigurationPlatforms) = postSolution
		{DCB27F87-33BF-4A92-AD31-90F6DF55D8FE}.Debug|Any CPU.ActiveCfg = Debug|Any CPU
		{DCB27F87-33BF-4A92-AD31-90F6DF55D8FE}.Debug|Any CPU.Build.0 = Debug|Any CPU
		{DCB27F87-33BF-4A92-AD31-90F6DF55D8FE}.Release|Any CPU.ActiveCfg = Release|Any CPU
		{DCB27F87-33BF-4A92-AD31-90F6DF55D8FE}.Release|Any CPU.Build.0 = Release|Any CPU
		{09E9C894-F21B-44B2-8287-CF3B1AC711F0}.Debug|Any CPU.ActiveCfg = Debug|Any CPU
		{09E9C894-F21B-44B2-8287-CF3B1AC711F0}.Debug|Any CPU.Build.0 = Debug|Any CPU
		{09E9C894-F21B-44B2-8287-CF3B1AC711F0}.Release|Any CPU.ActiveCfg = Release|Any CPU
		{09E9C894-F21B-44B2-8287-CF3B1AC711F0}.Release|Any CPU.Build.0 = Release|Any CPU
	EndGlobalSection
EndGlobal
